
Microsoft Visual Studio Solution File, Format Version 12.00
# Visual Studio Version 17
VisualStudioVersion = 17.11.35312.102
MinimumVisualStudioVersion = 10.0.40219.1
Project("{FAE04EC0-301F-11D3-BF4B-00C04F79EFBC}") = "EBACTest", "EBACTest\EBACTest.csproj", "{4FC5E262-7369-4C9B-89C5-25744513E66B}"
EndProject
Global
	GlobalSection(SolutionConfigurationPlatforms) = preSolution
		Debug|Any CPU = Debug|Any CPU
		Release|Any CPU = Release|Any CPU
	EndGlobalSection
	GlobalSection(ProjectConfigurationPlatforms) = postSolution
		{4FC5E262-7369-4C9B-89C5-25744513E66B}.Debug|Any CPU.ActiveCfg = Debug|Any CPU
		{4FC5E262-7369-4C9B-89C5-25744513E66B}.Debug|Any CPU.Build.0 = Debug|Any CPU
		{4FC5E262-7369-4C9B-89C5-25744513E66B}.Release|Any CPU.ActiveCfg = Release|Any CPU
		{4FC5E262-7369-4C9B-89C5-25744513E66B}.Release|Any CPU.Build.0 = Release|Any CPU
	EndGlobalSection
	GlobalSection(SolutionProperties) = preSolution
		HideSolutionNode = FALSE
	EndGlobalSection
	GlobalSection(ExtensibilityGlobals) = postSolution
		SolutionGuid = {20E9A317-3D4B-4705-A81A-5887708581EE}
	EndGlobalSection
EndGlobal
